// !$*UTF8*$!
{
	archiveVersion = 1;
	classes = {
	};
	objectVersion = 56;
	objects = {

/* Begin PBXBuildFile section */
		AD12E2962AF413A7000A9313 /* ChatViewModel.swift in Sources */ = {isa = PBXBuildFile; fileRef = AD12E22C2AF413A6000A9313 /* ChatViewModel.swift */; };
		AD12E2972AF413A7000A9313 /* ConversationsViewModel.swift in Sources */ = {isa = PBXBuildFile; fileRef = AD12E22D2AF413A6000A9313 /* ConversationsViewModel.swift */; };
		AD12E2982AF413A7000A9313 /* ChatBubble.swift in Sources */ = {isa = PBXBuildFile; fileRef = AD12E22F2AF413A6000A9313 /* ChatBubble.swift */; };
		AD12E2992AF413A7000A9313 /* Message.swift in Sources */ = {isa = PBXBuildFile; fileRef = AD12E2312AF413A6000A9313 /* Message.swift */; };
		AD12E29A2AF413A7000A9313 /* ConversationCell.swift in Sources */ = {isa = PBXBuildFile; fileRef = AD12E2332AF413A6000A9313 /* ConversationCell.swift */; };
		AD12E29B2AF413A7000A9313 /* MessageInputView.swift in Sources */ = {isa = PBXBuildFile; fileRef = AD12E2342AF413A6000A9313 /* MessageInputView.swift */; };
		AD12E29C2AF413A7000A9313 /* NewMessageView.swift in Sources */ = {isa = PBXBuildFile; fileRef = AD12E2352AF413A6000A9313 /* NewMessageView.swift */; };
		AD12E29D2AF413A7000A9313 /* MessagesView.swift in Sources */ = {isa = PBXBuildFile; fileRef = AD12E2362AF413A6000A9313 /* MessagesView.swift */; };
		AD12E29E2AF413A7000A9313 /* ChatView.swift in Sources */ = {isa = PBXBuildFile; fileRef = AD12E2372AF413A6000A9313 /* ChatView.swift */; };
		AD12E29F2AF413A7000A9313 /* MessageView.swift in Sources */ = {isa = PBXBuildFile; fileRef = AD12E2382AF413A6000A9313 /* MessageView.swift */; };
		AD12E2A02AF413A7000A9313 /* UploadImageService.swift in Sources */ = {isa = PBXBuildFile; fileRef = AD12E23A2AF413A6000A9313 /* UploadImageService.swift */; };
		AD12E2A12AF413A7000A9313 /* ImagePicker.swift in Sources */ = {isa = PBXBuildFile; fileRef = AD12E23B2AF413A6000A9313 /* ImagePicker.swift */; };
		AD12E2A22AF413A7000A9313 /* Block_CollectionViewModel.swift in Sources */ = {isa = PBXBuildFile; fileRef = AD12E23E2AF413A6000A9313 /* Block_CollectionViewModel.swift */; };
		AD12E2A32AF413A7000A9313 /* Block.swift in Sources */ = {isa = PBXBuildFile; fileRef = AD12E2402AF413A6000A9313 /* Block.swift */; };
		AD12E2A42AF413A7000A9313 /* BlockView.swift in Sources */ = {isa = PBXBuildFile; fileRef = AD12E2422AF413A6000A9313 /* BlockView.swift */; };
		AD12E2A52AF413A7000A9313 /* WPActionViewModel.swift in Sources */ = {isa = PBXBuildFile; fileRef = AD12E2452AF413A6000A9313 /* WPActionViewModel.swift */; };
		AD12E2A62AF413A7000A9313 /* WPQuote_CollectionViewModel.swift in Sources */ = {isa = PBXBuildFile; fileRef = AD12E2462AF413A6000A9313 /* WPQuote_CollectionViewModel.swift */; };
		AD12E2A72AF413A7000A9313 /* UploadWPQuoteViewModel.swift in Sources */ = {isa = PBXBuildFile; fileRef = AD12E2472AF413A6000A9313 /* UploadWPQuoteViewModel.swift */; };
		AD12E2A82AF413A7000A9313 /* WPQuote.swift in Sources */ = {isa = PBXBuildFile; fileRef = AD12E2492AF413A6000A9313 /* WPQuote.swift */; };
		AD12E2A92AF413A7000A9313 /* WPQuoteCollectionView.swift in Sources */ = {isa = PBXBuildFile; fileRef = AD12E24B2AF413A6000A9313 /* WPQuoteCollectionView.swift */; };
		AD12E2AA2AF413A7000A9313 /* WPQuoteCell.swift in Sources */ = {isa = PBXBuildFile; fileRef = AD12E24C2AF413A6000A9313 /* WPQuoteCell.swift */; };
		AD12E2AB2AF413A7000A9313 /* AddWPQuoteView.swift in Sources */ = {isa = PBXBuildFile; fileRef = AD12E24D2AF413A6000A9313 /* AddWPQuoteView.swift */; };
		AD12E2AC2AF413A7000A9313 /* ReplyCell.swift in Sources */ = {isa = PBXBuildFile; fileRef = AD12E24E2AF413A6000A9313 /* ReplyCell.swift */; };
		AD12E2AD2AF413A7000A9313 /* WPQuoteDetailView.swift in Sources */ = {isa = PBXBuildFile; fileRef = AD12E24F2AF413A6000A9313 /* WPQuoteDetailView.swift */; };
		AD12E2AE2AF413A7000A9313 /* WPActionsView.swift in Sources */ = {isa = PBXBuildFile; fileRef = AD12E2502AF413A6000A9313 /* WPActionsView.swift */; };
		AD12E2AF2AF413A7000A9313 /* UserService.swift in Sources */ = {isa = PBXBuildFile; fileRef = AD12E2522AF413A6000A9313 /* UserService.swift */; };
		AD12E2B02AF413A7000A9313 /* AppUser.swift in Sources */ = {isa = PBXBuildFile; fileRef = AD12E2532AF413A6000A9313 /* AppUser.swift */; };
		AD12E2B12AF413A7000A9313 /* UserStats.swift in Sources */ = {isa = PBXBuildFile; fileRef = AD12E2542AF413A6000A9313 /* UserStats.swift */; };
		AD12E2B22AF413A7000A9313 /* SearchViewModel.swift in Sources */ = {isa = PBXBuildFile; fileRef = AD12E2572AF413A6000A9313 /* SearchViewModel.swift */; };
		AD12E2B32AF413A7000A9313 /* SearchView.swift in Sources */ = {isa = PBXBuildFile; fileRef = AD12E2592AF413A6000A9313 /* SearchView.swift */; };
		AD12E2B42AF413A7000A9313 /* SearchBar.swift in Sources */ = {isa = PBXBuildFile; fileRef = AD12E25A2AF413A6000A9313 /* SearchBar.swift */; };
		AD12E2B52AF413A7000A9313 /* SearchedUserCell.swift in Sources */ = {isa = PBXBuildFile; fileRef = AD12E25B2AF413A6000A9313 /* SearchedUserCell.swift */; };
		AD12E2B62AF413A7000A9313 /* EditProfileViewModel.swift in Sources */ = {isa = PBXBuildFile; fileRef = AD12E25E2AF413A6000A9313 /* EditProfileViewModel.swift */; };
		AD12E2B72AF413A7000A9313 /* ProfileViewModel.swift in Sources */ = {isa = PBXBuildFile; fileRef = AD12E25F2AF413A6000A9313 /* ProfileViewModel.swift */; };
		AD12E2B82AF413A7000A9313 /* OtherUserProfileViewModel.swift in Sources */ = {isa = PBXBuildFile; fileRef = AD12E2622AF413A6000A9313 /* OtherUserProfileViewModel.swift */; };
		AD12E2B92AF413A7000A9313 /* OtherUserProfileView.swift in Sources */ = {isa = PBXBuildFile; fileRef = AD12E2642AF413A6000A9313 /* OtherUserProfileView.swift */; };
		AD12E2BA2AF413A7000A9313 /* CurrentUserProfileViewModel.swift in Sources */ = {isa = PBXBuildFile; fileRef = AD12E2672AF413A6000A9313 /* CurrentUserProfileViewModel.swift */; };
		AD12E2BB2AF413A7000A9313 /* CurrentUserProfileView.swift in Sources */ = {isa = PBXBuildFile; fileRef = AD12E2692AF413A6000A9313 /* CurrentUserProfileView.swift */; };
		AD12E2BC2AF413A7000A9313 /* ProfilePicView.swift in Sources */ = {isa = PBXBuildFile; fileRef = AD12E26A2AF413A6000A9313 /* ProfilePicView.swift */; };
		AD12E2BD2AF413A7000A9313 /* CurrentUser_ProfileView.swift in Sources */ = {isa = PBXBuildFile; fileRef = AD12E26B2AF413A6000A9313 /* CurrentUser_ProfileView.swift */; };
		AD12E2BE2AF413A7000A9313 /* FullnameView.swift in Sources */ = {isa = PBXBuildFile; fileRef = AD12E26C2AF413A6000A9313 /* FullnameView.swift */; };
		AD12E2BF2AF413A7000A9313 /* EditProfileView.swift in Sources */ = {isa = PBXBuildFile; fileRef = AD12E26E2AF413A6000A9313 /* EditProfileView.swift */; };
		AD12E2C02AF413A7000A9313 /* ProfileHeaderView.swift in Sources */ = {isa = PBXBuildFile; fileRef = AD12E26F2AF413A6000A9313 /* ProfileHeaderView.swift */; };
		AD12E2C12AF413A7000A9313 /* ProfileActionButtonView.swift in Sources */ = {isa = PBXBuildFile; fileRef = AD12E2702AF413A6000A9313 /* ProfileActionButtonView.swift */; };
		AD12E2C22AF413A7000A9313 /* SideMenuViewModel.swift in Sources */ = {isa = PBXBuildFile; fileRef = AD12E2732AF413A6000A9313 /* SideMenuViewModel.swift */; };
		AD12E2C32AF413A7000A9313 /* SideMenuOptionView.swift in Sources */ = {isa = PBXBuildFile; fileRef = AD12E2752AF413A6000A9313 /* SideMenuOptionView.swift */; };
		AD12E2C42AF413A7000A9313 /* MenuView.swift in Sources */ = {isa = PBXBuildFile; fileRef = AD12E2762AF413A6000A9313 /* MenuView.swift */; };
		AD12E2C52AF413A7000A9313 /* SideMenuAction.swift in Sources */ = {isa = PBXBuildFile; fileRef = AD12E2782AF413A6000A9313 /* SideMenuAction.swift */; };
		AD12E2C62AF413A7000A9313 /* TabsView.swift in Sources */ = {isa = PBXBuildFile; fileRef = AD12E27B2AF413A6000A9313 /* TabsView.swift */; };
		AD12E2C72AF413A7000A9313 /* TabbarService.swift in Sources */ = {isa = PBXBuildFile; fileRef = AD12E27D2AF413A6000A9313 /* TabbarService.swift */; };
		AD12E2C82AF413A7000A9313 /* RegistrationView.swift in Sources */ = {isa = PBXBuildFile; fileRef = AD12E2802AF413A6000A9313 /* RegistrationView.swift */; };
		AD12E2C92AF413A7000A9313 /* LoginView.swift in Sources */ = {isa = PBXBuildFile; fileRef = AD12E2812AF413A6000A9313 /* LoginView.swift */; };
		AD12E2CA2AF413A7000A9313 /* AuthService.swift in Sources */ = {isa = PBXBuildFile; fileRef = AD12E2832AF413A6000A9313 /* AuthService.swift */; };
		AD12E2CB2AF413A7000A9313 /* NotificationViewModel.swift in Sources */ = {isa = PBXBuildFile; fileRef = AD12E2862AF413A6000A9313 /* NotificationViewModel.swift */; };
		AD12E2CC2AF413A7000A9313 /* Notification.swift in Sources */ = {isa = PBXBuildFile; fileRef = AD12E2882AF413A6000A9313 /* Notification.swift */; };
		AD12E2CD2AF413A7000A9313 /* NotificationTweetView.swift in Sources */ = {isa = PBXBuildFile; fileRef = AD12E28A2AF413A6000A9313 /* NotificationTweetView.swift */; };
		AD12E2CE2AF413A7000A9313 /* NotificationCell.swift in Sources */ = {isa = PBXBuildFile; fileRef = AD12E28B2AF413A6000A9313 /* NotificationCell.swift */; };
		AD12E2CF2AF413A7000A9313 /* NotificationsView.swift in Sources */ = {isa = PBXBuildFile; fileRef = AD12E28C2AF413A6000A9313 /* NotificationsView.swift */; };
		AD12E2D02AF413A7000A9313 /* TermsOfServiceView.swift in Sources */ = {isa = PBXBuildFile; fileRef = AD12E28E2AF413A6000A9313 /* TermsOfServiceView.swift */; };
		AD12E2D12AF413A7000A9313 /* View+BottomPaddingBecauseOfCustomTab.swift in Sources */ = {isa = PBXBuildFile; fileRef = AD12E2902AF413A7000A9313 /* View+BottomPaddingBecauseOfCustomTab.swift */; };
		AD12E2D22AF413A7000A9313 /* View+ForegroundLinearGradient.swift in Sources */ = {isa = PBXBuildFile; fileRef = AD12E2912AF413A7000A9313 /* View+ForegroundLinearGradient.swift */; };
		AD12E2D32AF413A7000A9313 /* FirebaseUserService_Protocol.swift in Sources */ = {isa = PBXBuildFile; fileRef = AD12E2932AF413A7000A9313 /* FirebaseUserService_Protocol.swift */; };
		AD12E2D42AF413A7000A9313 /* FirebaseAuthServiceProtocol.swift in Sources */ = {isa = PBXBuildFile; fileRef = AD12E2942AF413A7000A9313 /* FirebaseAuthServiceProtocol.swift */; };
		AD12E2D52AF413A7000A9313 /* CollectionViewModelProtocol.swift in Sources */ = {isa = PBXBuildFile; fileRef = AD12E2952AF413A7000A9313 /* CollectionViewModelProtocol.swift */; };
		AD91B52D2AF3FCCF00DF1446 /* WaxPhilosophicalApp.swift in Sources */ = {isa = PBXBuildFile; fileRef = AD91B52C2AF3FCCF00DF1446 /* WaxPhilosophicalApp.swift */; };
		AD91B52F2AF3FCCF00DF1446 /* ContentView.swift in Sources */ = {isa = PBXBuildFile; fileRef = AD91B52E2AF3FCCF00DF1446 /* ContentView.swift */; };
		AD91B5312AF3FCD000DF1446 /* Assets.xcassets in Resources */ = {isa = PBXBuildFile; fileRef = AD91B5302AF3FCD000DF1446 /* Assets.xcassets */; };
		AD91B5342AF3FCD000DF1446 /* Preview Assets.xcassets in Resources */ = {isa = PBXBuildFile; fileRef = AD91B5332AF3FCD000DF1446 /* Preview Assets.xcassets */; };
		AD91B5442AF401C700DF1446 /* GoogleService-Info.plist in Resources */ = {isa = PBXBuildFile; fileRef = AD91B5432AF401C700DF1446 /* GoogleService-Info.plist */; };
		AD91B54D2AF4020900DF1446 /* Constants.swift in Sources */ = {isa = PBXBuildFile; fileRef = AD91B5472AF4020900DF1446 /* Constants.swift */; };
		AD91B54E2AF4020900DF1446 /* TextArea.swift in Sources */ = {isa = PBXBuildFile; fileRef = AD91B5482AF4020900DF1446 /* TextArea.swift */; };
		AD91B54F2AF4020900DF1446 /* BlueLinearGradient.swift in Sources */ = {isa = PBXBuildFile; fileRef = AD91B5492AF4020900DF1446 /* BlueLinearGradient.swift */; };
		AD91B5502AF4020900DF1446 /* CustomSecureField.swift in Sources */ = {isa = PBXBuildFile; fileRef = AD91B54A2AF4020900DF1446 /* CustomSecureField.swift */; };
		AD91B5512AF4020900DF1446 /* CustomTextField.swift in Sources */ = {isa = PBXBuildFile; fileRef = AD91B54B2AF4020900DF1446 /* CustomTextField.swift */; };
		AD91B5522AF4020900DF1446 /* ConcaveTabbarShape.swift in Sources */ = {isa = PBXBuildFile; fileRef = AD91B54C2AF4020900DF1446 /* ConcaveTabbarShape.swift */; };
		ADA13E672AF41806009CC39F /* FirebaseAuth in Frameworks */ = {isa = PBXBuildFile; productRef = ADA13E662AF41806009CC39F /* FirebaseAuth */; };
		ADA13E692AF41806009CC39F /* FirebaseFirestore in Frameworks */ = {isa = PBXBuildFile; productRef = ADA13E682AF41806009CC39F /* FirebaseFirestore */; };
		ADA13E6B2AF41806009CC39F /* FirebaseFirestoreCombine-Community in Frameworks */ = {isa = PBXBuildFile; productRef = ADA13E6A2AF41806009CC39F /* FirebaseFirestoreCombine-Community */; };
		ADA13E6D2AF41806009CC39F /* FirebaseFirestoreSwift in Frameworks */ = {isa = PBXBuildFile; productRef = ADA13E6C2AF41806009CC39F /* FirebaseFirestoreSwift */; };
		ADA13E6F2AF41806009CC39F /* FirebaseStorage in Frameworks */ = {isa = PBXBuildFile; productRef = ADA13E6E2AF41806009CC39F /* FirebaseStorage */; };
		ADA13E722AF41841009CC39F /* Kingfisher in Frameworks */ = {isa = PBXBuildFile; productRef = ADA13E712AF41841009CC39F /* Kingfisher */; };
		ADA13E742AF41841009CC39F /* KingfisherSwiftUI in Frameworks */ = {isa = PBXBuildFile; productRef = ADA13E732AF41841009CC39F /* KingfisherSwiftUI */; };
/* End PBXBuildFile section */

/* Begin PBXFileReference section */
		AD12E22C2AF413A6000A9313 /* ChatViewModel.swift */ = {isa = PBXFileReference; fileEncoding = 4; lastKnownFileType = sourcecode.swift; path = ChatViewModel.swift; sourceTree = "<group>"; };
		AD12E22D2AF413A6000A9313 /* ConversationsViewModel.swift */ = {isa = PBXFileReference; fileEncoding = 4; lastKnownFileType = sourcecode.swift; path = ConversationsViewModel.swift; sourceTree = "<group>"; };
		AD12E22F2AF413A6000A9313 /* ChatBubble.swift */ = {isa = PBXFileReference; fileEncoding = 4; lastKnownFileType = sourcecode.swift; path = ChatBubble.swift; sourceTree = "<group>"; };
		AD12E2312AF413A6000A9313 /* Message.swift */ = {isa = PBXFileReference; fileEncoding = 4; lastKnownFileType = sourcecode.swift; path = Message.swift; sourceTree = "<group>"; };
		AD12E2332AF413A6000A9313 /* ConversationCell.swift */ = {isa = PBXFileReference; fileEncoding = 4; lastKnownFileType = sourcecode.swift; path = ConversationCell.swift; sourceTree = "<group>"; };
		AD12E2342AF413A6000A9313 /* MessageInputView.swift */ = {isa = PBXFileReference; fileEncoding = 4; lastKnownFileType = sourcecode.swift; path = MessageInputView.swift; sourceTree = "<group>"; };
		AD12E2352AF413A6000A9313 /* NewMessageView.swift */ = {isa = PBXFileReference; fileEncoding = 4; lastKnownFileType = sourcecode.swift; path = NewMessageView.swift; sourceTree = "<group>"; };
		AD12E2362AF413A6000A9313 /* MessagesView.swift */ = {isa = PBXFileReference; fileEncoding = 4; lastKnownFileType = sourcecode.swift; path = MessagesView.swift; sourceTree = "<group>"; };
		AD12E2372AF413A6000A9313 /* ChatView.swift */ = {isa = PBXFileReference; fileEncoding = 4; lastKnownFileType = sourcecode.swift; path = ChatView.swift; sourceTree = "<group>"; };
		AD12E2382AF413A6000A9313 /* MessageView.swift */ = {isa = PBXFileReference; fileEncoding = 4; lastKnownFileType = sourcecode.swift; path = MessageView.swift; sourceTree = "<group>"; };
		AD12E23A2AF413A6000A9313 /* UploadImageService.swift */ = {isa = PBXFileReference; fileEncoding = 4; lastKnownFileType = sourcecode.swift; path = UploadImageService.swift; sourceTree = "<group>"; };
		AD12E23B2AF413A6000A9313 /* ImagePicker.swift */ = {isa = PBXFileReference; fileEncoding = 4; lastKnownFileType = sourcecode.swift; path = ImagePicker.swift; sourceTree = "<group>"; };
		AD12E23E2AF413A6000A9313 /* Block_CollectionViewModel.swift */ = {isa = PBXFileReference; fileEncoding = 4; lastKnownFileType = sourcecode.swift; path = Block_CollectionViewModel.swift; sourceTree = "<group>"; };
		AD12E2402AF413A6000A9313 /* Block.swift */ = {isa = PBXFileReference; fileEncoding = 4; lastKnownFileType = sourcecode.swift; path = Block.swift; sourceTree = "<group>"; };
		AD12E2422AF413A6000A9313 /* BlockView.swift */ = {isa = PBXFileReference; fileEncoding = 4; lastKnownFileType = sourcecode.swift; path = BlockView.swift; sourceTree = "<group>"; };
		AD12E2452AF413A6000A9313 /* WPActionViewModel.swift */ = {isa = PBXFileReference; fileEncoding = 4; lastKnownFileType = sourcecode.swift; path = WPActionViewModel.swift; sourceTree = "<group>"; };
		AD12E2462AF413A6000A9313 /* WPQuote_CollectionViewModel.swift */ = {isa = PBXFileReference; fileEncoding = 4; lastKnownFileType = sourcecode.swift; path = WPQuote_CollectionViewModel.swift; sourceTree = "<group>"; };
		AD12E2472AF413A6000A9313 /* UploadWPQuoteViewModel.swift */ = {isa = PBXFileReference; fileEncoding = 4; lastKnownFileType = sourcecode.swift; path = UploadWPQuoteViewModel.swift; sourceTree = "<group>"; };
		AD12E2492AF413A6000A9313 /* WPQuote.swift */ = {isa = PBXFileReference; fileEncoding = 4; lastKnownFileType = sourcecode.swift; path = WPQuote.swift; sourceTree = "<group>"; };
		AD12E24B2AF413A6000A9313 /* WPQuoteCollectionView.swift */ = {isa = PBXFileReference; fileEncoding = 4; lastKnownFileType = sourcecode.swift; path = WPQuoteCollectionView.swift; sourceTree = "<group>"; };
		AD12E24C2AF413A6000A9313 /* WPQuoteCell.swift */ = {isa = PBXFileReference; fileEncoding = 4; lastKnownFileType = sourcecode.swift; path = WPQuoteCell.swift; sourceTree = "<group>"; };
		AD12E24D2AF413A6000A9313 /* AddWPQuoteView.swift */ = {isa = PBXFileReference; fileEncoding = 4; lastKnownFileType = sourcecode.swift; path = AddWPQuoteView.swift; sourceTree = "<group>"; };
		AD12E24E2AF413A6000A9313 /* ReplyCell.swift */ = {isa = PBXFileReference; fileEncoding = 4; lastKnownFileType = sourcecode.swift; path = ReplyCell.swift; sourceTree = "<group>"; };
		AD12E24F2AF413A6000A9313 /* WPQuoteDetailView.swift */ = {isa = PBXFileReference; fileEncoding = 4; lastKnownFileType = sourcecode.swift; path = WPQuoteDetailView.swift; sourceTree = "<group>"; };
		AD12E2502AF413A6000A9313 /* WPActionsView.swift */ = {isa = PBXFileReference; fileEncoding = 4; lastKnownFileType = sourcecode.swift; path = WPActionsView.swift; sourceTree = "<group>"; };
		AD12E2522AF413A6000A9313 /* UserService.swift */ = {isa = PBXFileReference; fileEncoding = 4; lastKnownFileType = sourcecode.swift; path = UserService.swift; sourceTree = "<group>"; };
		AD12E2532AF413A6000A9313 /* AppUser.swift */ = {isa = PBXFileReference; fileEncoding = 4; lastKnownFileType = sourcecode.swift; path = AppUser.swift; sourceTree = "<group>"; };
		AD12E2542AF413A6000A9313 /* UserStats.swift */ = {isa = PBXFileReference; fileEncoding = 4; lastKnownFileType = sourcecode.swift; path = UserStats.swift; sourceTree = "<group>"; };
		AD12E2572AF413A6000A9313 /* SearchViewModel.swift */ = {isa = PBXFileReference; fileEncoding = 4; lastKnownFileType = sourcecode.swift; path = SearchViewModel.swift; sourceTree = "<group>"; };
		AD12E2592AF413A6000A9313 /* SearchView.swift */ = {isa = PBXFileReference; fileEncoding = 4; lastKnownFileType = sourcecode.swift; path = SearchView.swift; sourceTree = "<group>"; };
		AD12E25A2AF413A6000A9313 /* SearchBar.swift */ = {isa = PBXFileReference; fileEncoding = 4; lastKnownFileType = sourcecode.swift; path = SearchBar.swift; sourceTree = "<group>"; };
		AD12E25B2AF413A6000A9313 /* SearchedUserCell.swift */ = {isa = PBXFileReference; fileEncoding = 4; lastKnownFileType = sourcecode.swift; path = SearchedUserCell.swift; sourceTree = "<group>"; };
		AD12E25E2AF413A6000A9313 /* EditProfileViewModel.swift */ = {isa = PBXFileReference; fileEncoding = 4; lastKnownFileType = sourcecode.swift; path = EditProfileViewModel.swift; sourceTree = "<group>"; };
		AD12E25F2AF413A6000A9313 /* ProfileViewModel.swift */ = {isa = PBXFileReference; fileEncoding = 4; lastKnownFileType = sourcecode.swift; path = ProfileViewModel.swift; sourceTree = "<group>"; };
		AD12E2622AF413A6000A9313 /* OtherUserProfileViewModel.swift */ = {isa = PBXFileReference; fileEncoding = 4; lastKnownFileType = sourcecode.swift; path = OtherUserProfileViewModel.swift; sourceTree = "<group>"; };
		AD12E2642AF413A6000A9313 /* OtherUserProfileView.swift */ = {isa = PBXFileReference; fileEncoding = 4; lastKnownFileType = sourcecode.swift; path = OtherUserProfileView.swift; sourceTree = "<group>"; };
		AD12E2672AF413A6000A9313 /* CurrentUserProfileViewModel.swift */ = {isa = PBXFileReference; fileEncoding = 4; lastKnownFileType = sourcecode.swift; path = CurrentUserProfileViewModel.swift; sourceTree = "<group>"; };
		AD12E2692AF413A6000A9313 /* CurrentUserProfileView.swift */ = {isa = PBXFileReference; fileEncoding = 4; lastKnownFileType = sourcecode.swift; path = CurrentUserProfileView.swift; sourceTree = "<group>"; };
		AD12E26A2AF413A6000A9313 /* ProfilePicView.swift */ = {isa = PBXFileReference; fileEncoding = 4; lastKnownFileType = sourcecode.swift; path = ProfilePicView.swift; sourceTree = "<group>"; };
		AD12E26B2AF413A6000A9313 /* CurrentUser_ProfileView.swift */ = {isa = PBXFileReference; fileEncoding = 4; lastKnownFileType = sourcecode.swift; path = CurrentUser_ProfileView.swift; sourceTree = "<group>"; };
		AD12E26C2AF413A6000A9313 /* FullnameView.swift */ = {isa = PBXFileReference; fileEncoding = 4; lastKnownFileType = sourcecode.swift; path = FullnameView.swift; sourceTree = "<group>"; };
		AD12E26E2AF413A6000A9313 /* EditProfileView.swift */ = {isa = PBXFileReference; fileEncoding = 4; lastKnownFileType = sourcecode.swift; path = EditProfileView.swift; sourceTree = "<group>"; };
		AD12E26F2AF413A6000A9313 /* ProfileHeaderView.swift */ = {isa = PBXFileReference; fileEncoding = 4; lastKnownFileType = sourcecode.swift; path = ProfileHeaderView.swift; sourceTree = "<group>"; };
		AD12E2702AF413A6000A9313 /* ProfileActionButtonView.swift */ = {isa = PBXFileReference; fileEncoding = 4; lastKnownFileType = sourcecode.swift; path = ProfileActionButtonView.swift; sourceTree = "<group>"; };
		AD12E2732AF413A6000A9313 /* SideMenuViewModel.swift */ = {isa = PBXFileReference; fileEncoding = 4; lastKnownFileType = sourcecode.swift; path = SideMenuViewModel.swift; sourceTree = "<group>"; };
		AD12E2752AF413A6000A9313 /* SideMenuOptionView.swift */ = {isa = PBXFileReference; fileEncoding = 4; lastKnownFileType = sourcecode.swift; path = SideMenuOptionView.swift; sourceTree = "<group>"; };
		AD12E2762AF413A6000A9313 /* MenuView.swift */ = {isa = PBXFileReference; fileEncoding = 4; lastKnownFileType = sourcecode.swift; path = MenuView.swift; sourceTree = "<group>"; };
		AD12E2782AF413A6000A9313 /* SideMenuAction.swift */ = {isa = PBXFileReference; fileEncoding = 4; lastKnownFileType = sourcecode.swift; path = SideMenuAction.swift; sourceTree = "<group>"; };
		AD12E27B2AF413A6000A9313 /* TabsView.swift */ = {isa = PBXFileReference; fileEncoding = 4; lastKnownFileType = sourcecode.swift; path = TabsView.swift; sourceTree = "<group>"; };
		AD12E27D2AF413A6000A9313 /* TabbarService.swift */ = {isa = PBXFileReference; fileEncoding = 4; lastKnownFileType = sourcecode.swift; path = TabbarService.swift; sourceTree = "<group>"; };
		AD12E2802AF413A6000A9313 /* RegistrationView.swift */ = {isa = PBXFileReference; fileEncoding = 4; lastKnownFileType = sourcecode.swift; path = RegistrationView.swift; sourceTree = "<group>"; };
		AD12E2812AF413A6000A9313 /* LoginView.swift */ = {isa = PBXFileReference; fileEncoding = 4; lastKnownFileType = sourcecode.swift; path = LoginView.swift; sourceTree = "<group>"; };
		AD12E2832AF413A6000A9313 /* AuthService.swift */ = {isa = PBXFileReference; fileEncoding = 4; lastKnownFileType = sourcecode.swift; path = AuthService.swift; sourceTree = "<group>"; };
		AD12E2862AF413A6000A9313 /* NotificationViewModel.swift */ = {isa = PBXFileReference; fileEncoding = 4; lastKnownFileType = sourcecode.swift; path = NotificationViewModel.swift; sourceTree = "<group>"; };
		AD12E2882AF413A6000A9313 /* Notification.swift */ = {isa = PBXFileReference; fileEncoding = 4; lastKnownFileType = sourcecode.swift; path = Notification.swift; sourceTree = "<group>"; };
		AD12E28A2AF413A6000A9313 /* NotificationTweetView.swift */ = {isa = PBXFileReference; fileEncoding = 4; lastKnownFileType = sourcecode.swift; path = NotificationTweetView.swift; sourceTree = "<group>"; };
		AD12E28B2AF413A6000A9313 /* NotificationCell.swift */ = {isa = PBXFileReference; fileEncoding = 4; lastKnownFileType = sourcecode.swift; path = NotificationCell.swift; sourceTree = "<group>"; };
		AD12E28C2AF413A6000A9313 /* NotificationsView.swift */ = {isa = PBXFileReference; fileEncoding = 4; lastKnownFileType = sourcecode.swift; path = NotificationsView.swift; sourceTree = "<group>"; };
		AD12E28E2AF413A6000A9313 /* TermsOfServiceView.swift */ = {isa = PBXFileReference; fileEncoding = 4; lastKnownFileType = sourcecode.swift; path = TermsOfServiceView.swift; sourceTree = "<group>"; };
		AD12E2902AF413A7000A9313 /* View+BottomPaddingBecauseOfCustomTab.swift */ = {isa = PBXFileReference; fileEncoding = 4; lastKnownFileType = sourcecode.swift; path = "View+BottomPaddingBecauseOfCustomTab.swift"; sourceTree = "<group>"; };
		AD12E2912AF413A7000A9313 /* View+ForegroundLinearGradient.swift */ = {isa = PBXFileReference; fileEncoding = 4; lastKnownFileType = sourcecode.swift; path = "View+ForegroundLinearGradient.swift"; sourceTree = "<group>"; };
		AD12E2932AF413A7000A9313 /* FirebaseUserService_Protocol.swift */ = {isa = PBXFileReference; fileEncoding = 4; lastKnownFileType = sourcecode.swift; path = FirebaseUserService_Protocol.swift; sourceTree = "<group>"; };
		AD12E2942AF413A7000A9313 /* FirebaseAuthServiceProtocol.swift */ = {isa = PBXFileReference; fileEncoding = 4; lastKnownFileType = sourcecode.swift; path = FirebaseAuthServiceProtocol.swift; sourceTree = "<group>"; };
		AD12E2952AF413A7000A9313 /* CollectionViewModelProtocol.swift */ = {isa = PBXFileReference; fileEncoding = 4; lastKnownFileType = sourcecode.swift; path = CollectionViewModelProtocol.swift; sourceTree = "<group>"; };
		AD91B5292AF3FCCF00DF1446 /* WaxPhilosophical.app */ = {isa = PBXFileReference; explicitFileType = wrapper.application; includeInIndex = 0; path = WaxPhilosophical.app; sourceTree = BUILT_PRODUCTS_DIR; };
		AD91B52C2AF3FCCF00DF1446 /* WaxPhilosophicalApp.swift */ = {isa = PBXFileReference; lastKnownFileType = sourcecode.swift; path = WaxPhilosophicalApp.swift; sourceTree = "<group>"; };
		AD91B52E2AF3FCCF00DF1446 /* ContentView.swift */ = {isa = PBXFileReference; lastKnownFileType = sourcecode.swift; path = ContentView.swift; sourceTree = "<group>"; };
		AD91B5302AF3FCD000DF1446 /* Assets.xcassets */ = {isa = PBXFileReference; lastKnownFileType = folder.assetcatalog; path = Assets.xcassets; sourceTree = "<group>"; };
		AD91B5332AF3FCD000DF1446 /* Preview Assets.xcassets */ = {isa = PBXFileReference; lastKnownFileType = folder.assetcatalog; path = "Preview Assets.xcassets"; sourceTree = "<group>"; };
		AD91B5432AF401C700DF1446 /* GoogleService-Info.plist */ = {isa = PBXFileReference; fileEncoding = 4; lastKnownFileType = text.plist.xml; path = "GoogleService-Info.plist"; sourceTree = "<group>"; };
		AD91B5472AF4020900DF1446 /* Constants.swift */ = {isa = PBXFileReference; fileEncoding = 4; lastKnownFileType = sourcecode.swift; path = Constants.swift; sourceTree = "<group>"; };
		AD91B5482AF4020900DF1446 /* TextArea.swift */ = {isa = PBXFileReference; fileEncoding = 4; lastKnownFileType = sourcecode.swift; path = TextArea.swift; sourceTree = "<group>"; };
		AD91B5492AF4020900DF1446 /* BlueLinearGradient.swift */ = {isa = PBXFileReference; fileEncoding = 4; lastKnownFileType = sourcecode.swift; path = BlueLinearGradient.swift; sourceTree = "<group>"; };
		AD91B54A2AF4020900DF1446 /* CustomSecureField.swift */ = {isa = PBXFileReference; fileEncoding = 4; lastKnownFileType = sourcecode.swift; path = CustomSecureField.swift; sourceTree = "<group>"; };
		AD91B54B2AF4020900DF1446 /* CustomTextField.swift */ = {isa = PBXFileReference; fileEncoding = 4; lastKnownFileType = sourcecode.swift; path = CustomTextField.swift; sourceTree = "<group>"; };
		AD91B54C2AF4020900DF1446 /* ConcaveTabbarShape.swift */ = {isa = PBXFileReference; fileEncoding = 4; lastKnownFileType = sourcecode.swift; path = ConcaveTabbarShape.swift; sourceTree = "<group>"; };
/* End PBXFileReference section */

/* Begin PBXFrameworksBuildPhase section */
		AD91B5262AF3FCCF00DF1446 /* Frameworks */ = {
			isa = PBXFrameworksBuildPhase;
			buildActionMask = 2147483647;
			files = (
				ADA13E722AF41841009CC39F /* Kingfisher in Frameworks */,
				ADA13E6B2AF41806009CC39F /* FirebaseFirestoreCombine-Community in Frameworks */,
				ADA13E672AF41806009CC39F /* FirebaseAuth in Frameworks */,
				ADA13E692AF41806009CC39F /* FirebaseFirestore in Frameworks */,
				ADA13E6F2AF41806009CC39F /* FirebaseStorage in Frameworks */,
				ADA13E742AF41841009CC39F /* KingfisherSwiftUI in Frameworks */,
				ADA13E6D2AF41806009CC39F /* FirebaseFirestoreSwift in Frameworks */,
			);
			runOnlyForDeploymentPostprocessing = 0;
		};
/* End PBXFrameworksBuildPhase section */

/* Begin PBXGroup section */
		AD12E2292AF413A6000A9313 /* Components */ = {
			isa = PBXGroup;
			children = (
				AD12E22A2AF413A6000A9313 /* Messages */,
				AD12E2392AF413A6000A9313 /* ImageHandling */,
				AD12E23C2AF413A6000A9313 /* Blocking */,
				AD12E2432AF413A6000A9313 /* WPQuote */,
				AD12E2512AF413A6000A9313 /* User */,
				AD12E2552AF413A6000A9313 /* Search */,
				AD12E25C2AF413A6000A9313 /* Profile */,
				AD12E2712AF413A6000A9313 /* SideMenu */,
				AD12E2792AF413A6000A9313 /* TabsView */,
				AD12E27E2AF413A6000A9313 /* Authentication */,
				AD12E2842AF413A6000A9313 /* Notifications */,
				AD12E28D2AF413A6000A9313 /* TermsOfService */,
			);
			path = Components;
			sourceTree = "<group>";
		};
		AD12E22A2AF413A6000A9313 /* Messages */ = {
			isa = PBXGroup;
			children = (
				AD12E22B2AF413A6000A9313 /* ViewModels */,
				AD12E22E2AF413A6000A9313 /* UtilityViews */,
				AD12E2302AF413A6000A9313 /* Model */,
				AD12E2322AF413A6000A9313 /* Views */,
			);
			path = Messages;
			sourceTree = "<group>";
		};
		AD12E22B2AF413A6000A9313 /* ViewModels */ = {
			isa = PBXGroup;
			children = (
				AD12E22C2AF413A6000A9313 /* ChatViewModel.swift */,
				AD12E22D2AF413A6000A9313 /* ConversationsViewModel.swift */,
			);
			path = ViewModels;
			sourceTree = "<group>";
		};
		AD12E22E2AF413A6000A9313 /* UtilityViews */ = {
			isa = PBXGroup;
			children = (
				AD12E22F2AF413A6000A9313 /* ChatBubble.swift */,
			);
			path = UtilityViews;
			sourceTree = "<group>";
		};
		AD12E2302AF413A6000A9313 /* Model */ = {
			isa = PBXGroup;
			children = (
				AD12E2312AF413A6000A9313 /* Message.swift */,
			);
			path = Model;
			sourceTree = "<group>";
		};
		AD12E2322AF413A6000A9313 /* Views */ = {
			isa = PBXGroup;
			children = (
				AD12E2332AF413A6000A9313 /* ConversationCell.swift */,
				AD12E2342AF413A6000A9313 /* MessageInputView.swift */,
				AD12E2352AF413A6000A9313 /* NewMessageView.swift */,
				AD12E2362AF413A6000A9313 /* MessagesView.swift */,
				AD12E2372AF413A6000A9313 /* ChatView.swift */,
				AD12E2382AF413A6000A9313 /* MessageView.swift */,
			);
			path = Views;
			sourceTree = "<group>";
		};
		AD12E2392AF413A6000A9313 /* ImageHandling */ = {
			isa = PBXGroup;
			children = (
				AD12E23A2AF413A6000A9313 /* UploadImageService.swift */,
				AD12E23B2AF413A6000A9313 /* ImagePicker.swift */,
			);
			path = ImageHandling;
			sourceTree = "<group>";
		};
		AD12E23C2AF413A6000A9313 /* Blocking */ = {
			isa = PBXGroup;
			children = (
				AD12E23D2AF413A6000A9313 /* ViewModel */,
				AD12E23F2AF413A6000A9313 /* Model */,
				AD12E2412AF413A6000A9313 /* Views */,
			);
			path = Blocking;
			sourceTree = "<group>";
		};
		AD12E23D2AF413A6000A9313 /* ViewModel */ = {
			isa = PBXGroup;
			children = (
				AD12E23E2AF413A6000A9313 /* Block_CollectionViewModel.swift */,
			);
			path = ViewModel;
			sourceTree = "<group>";
		};
		AD12E23F2AF413A6000A9313 /* Model */ = {
			isa = PBXGroup;
			children = (
				AD12E2402AF413A6000A9313 /* Block.swift */,
			);
			path = Model;
			sourceTree = "<group>";
		};
		AD12E2412AF413A6000A9313 /* Views */ = {
			isa = PBXGroup;
			children = (
				AD12E2422AF413A6000A9313 /* BlockView.swift */,
			);
			path = Views;
			sourceTree = "<group>";
		};
		AD12E2432AF413A6000A9313 /* WPQuote */ = {
			isa = PBXGroup;
			children = (
				AD12E2442AF413A6000A9313 /* ViewModels */,
				AD12E2482AF413A6000A9313 /* Model */,
				AD12E24A2AF413A6000A9313 /* Views */,
			);
			path = WPQuote;
			sourceTree = "<group>";
		};
		AD12E2442AF413A6000A9313 /* ViewModels */ = {
			isa = PBXGroup;
			children = (
				AD12E2452AF413A6000A9313 /* WPActionViewModel.swift */,
				AD12E2462AF413A6000A9313 /* WPQuote_CollectionViewModel.swift */,
				AD12E2472AF413A6000A9313 /* UploadWPQuoteViewModel.swift */,
			);
			path = ViewModels;
			sourceTree = "<group>";
		};
		AD12E2482AF413A6000A9313 /* Model */ = {
			isa = PBXGroup;
			children = (
				AD12E2492AF413A6000A9313 /* WPQuote.swift */,
			);
			path = Model;
			sourceTree = "<group>";
		};
		AD12E24A2AF413A6000A9313 /* Views */ = {
			isa = PBXGroup;
			children = (
				AD12E24B2AF413A6000A9313 /* WPQuoteCollectionView.swift */,
				AD12E24C2AF413A6000A9313 /* WPQuoteCell.swift */,
				AD12E24D2AF413A6000A9313 /* AddWPQuoteView.swift */,
				AD12E24E2AF413A6000A9313 /* ReplyCell.swift */,
				AD12E24F2AF413A6000A9313 /* WPQuoteDetailView.swift */,
				AD12E2502AF413A6000A9313 /* WPActionsView.swift */,
			);
			path = Views;
			sourceTree = "<group>";
		};
		AD12E2512AF413A6000A9313 /* User */ = {
			isa = PBXGroup;
			children = (
				AD12E2522AF413A6000A9313 /* UserService.swift */,
				AD12E2532AF413A6000A9313 /* AppUser.swift */,
				AD12E2542AF413A6000A9313 /* UserStats.swift */,
			);
			path = User;
			sourceTree = "<group>";
		};
		AD12E2552AF413A6000A9313 /* Search */ = {
			isa = PBXGroup;
			children = (
				AD12E2562AF413A6000A9313 /* ViewModels */,
				AD12E2582AF413A6000A9313 /* Views */,
			);
			path = Search;
			sourceTree = "<group>";
		};
		AD12E2562AF413A6000A9313 /* ViewModels */ = {
			isa = PBXGroup;
			children = (
				AD12E2572AF413A6000A9313 /* SearchViewModel.swift */,
			);
			path = ViewModels;
			sourceTree = "<group>";
		};
		AD12E2582AF413A6000A9313 /* Views */ = {
			isa = PBXGroup;
			children = (
				AD12E2592AF413A6000A9313 /* SearchView.swift */,
				AD12E25A2AF413A6000A9313 /* SearchBar.swift */,
				AD12E25B2AF413A6000A9313 /* SearchedUserCell.swift */,
			);
			path = Views;
			sourceTree = "<group>";
		};
		AD12E25C2AF413A6000A9313 /* Profile */ = {
			isa = PBXGroup;
			children = (
				AD12E25D2AF413A6000A9313 /* ViewModels */,
				AD12E2602AF413A6000A9313 /* ForOtherUser */,
				AD12E2652AF413A6000A9313 /* ForCurrentUser */,
				AD12E26D2AF413A6000A9313 /* Views */,
			);
			path = Profile;
			sourceTree = "<group>";
		};
		AD12E25D2AF413A6000A9313 /* ViewModels */ = {
			isa = PBXGroup;
			children = (
				AD12E25E2AF413A6000A9313 /* EditProfileViewModel.swift */,
				AD12E25F2AF413A6000A9313 /* ProfileViewModel.swift */,
			);
			path = ViewModels;
			sourceTree = "<group>";
		};
		AD12E2602AF413A6000A9313 /* ForOtherUser */ = {
			isa = PBXGroup;
			children = (
				AD12E2612AF413A6000A9313 /* ViewModel */,
				AD12E2632AF413A6000A9313 /* View */,
			);
			path = ForOtherUser;
			sourceTree = "<group>";
		};
		AD12E2612AF413A6000A9313 /* ViewModel */ = {
			isa = PBXGroup;
			children = (
				AD12E2622AF413A6000A9313 /* OtherUserProfileViewModel.swift */,
			);
			path = ViewModel;
			sourceTree = "<group>";
		};
		AD12E2632AF413A6000A9313 /* View */ = {
			isa = PBXGroup;
			children = (
				AD12E2642AF413A6000A9313 /* OtherUserProfileView.swift */,
			);
			path = View;
			sourceTree = "<group>";
		};
		AD12E2652AF413A6000A9313 /* ForCurrentUser */ = {
			isa = PBXGroup;
			children = (
				AD12E2662AF413A6000A9313 /* ViewModel */,
				AD12E2682AF413A6000A9313 /* View */,
			);
			path = ForCurrentUser;
			sourceTree = "<group>";
		};
		AD12E2662AF413A6000A9313 /* ViewModel */ = {
			isa = PBXGroup;
			children = (
				AD12E2672AF413A6000A9313 /* CurrentUserProfileViewModel.swift */,
			);
			path = ViewModel;
			sourceTree = "<group>";
		};
		AD12E2682AF413A6000A9313 /* View */ = {
			isa = PBXGroup;
			children = (
				AD12E2692AF413A6000A9313 /* CurrentUserProfileView.swift */,
				AD12E26A2AF413A6000A9313 /* ProfilePicView.swift */,
				AD12E26B2AF413A6000A9313 /* CurrentUser_ProfileView.swift */,
				AD12E26C2AF413A6000A9313 /* FullnameView.swift */,
			);
			path = View;
			sourceTree = "<group>";
		};
		AD12E26D2AF413A6000A9313 /* Views */ = {
			isa = PBXGroup;
			children = (
				AD12E26E2AF413A6000A9313 /* EditProfileView.swift */,
				AD12E26F2AF413A6000A9313 /* ProfileHeaderView.swift */,
				AD12E2702AF413A6000A9313 /* ProfileActionButtonView.swift */,
			);
			path = Views;
			sourceTree = "<group>";
		};
		AD12E2712AF413A6000A9313 /* SideMenu */ = {
			isa = PBXGroup;
			children = (
				AD12E2722AF413A6000A9313 /* ViewModels */,
				AD12E2742AF413A6000A9313 /* Views */,
				AD12E2772AF413A6000A9313 /* ViewModifiers */,
			);
			path = SideMenu;
			sourceTree = "<group>";
		};
		AD12E2722AF413A6000A9313 /* ViewModels */ = {
			isa = PBXGroup;
			children = (
				AD12E2732AF413A6000A9313 /* SideMenuViewModel.swift */,
			);
			path = ViewModels;
			sourceTree = "<group>";
		};
		AD12E2742AF413A6000A9313 /* Views */ = {
			isa = PBXGroup;
			children = (
				AD12E2752AF413A6000A9313 /* SideMenuOptionView.swift */,
				AD12E2762AF413A6000A9313 /* MenuView.swift */,
			);
			path = Views;
			sourceTree = "<group>";
		};
		AD12E2772AF413A6000A9313 /* ViewModifiers */ = {
			isa = PBXGroup;
			children = (
				AD12E2782AF413A6000A9313 /* SideMenuAction.swift */,
			);
			path = ViewModifiers;
			sourceTree = "<group>";
		};
		AD12E2792AF413A6000A9313 /* TabsView */ = {
			isa = PBXGroup;
			children = (
				AD12E27A2AF413A6000A9313 /* Views */,
				AD12E27C2AF413A6000A9313 /* Services */,
			);
			path = TabsView;
			sourceTree = "<group>";
		};
		AD12E27A2AF413A6000A9313 /* Views */ = {
			isa = PBXGroup;
			children = (
				AD12E27B2AF413A6000A9313 /* TabsView.swift */,
			);
			path = Views;
			sourceTree = "<group>";
		};
		AD12E27C2AF413A6000A9313 /* Services */ = {
			isa = PBXGroup;
			children = (
				AD12E27D2AF413A6000A9313 /* TabbarService.swift */,
			);
			path = Services;
			sourceTree = "<group>";
		};
		AD12E27E2AF413A6000A9313 /* Authentication */ = {
			isa = PBXGroup;
			children = (
				AD12E27F2AF413A6000A9313 /* Views */,
				AD12E2822AF413A6000A9313 /* Services */,
			);
			path = Authentication;
			sourceTree = "<group>";
		};
		AD12E27F2AF413A6000A9313 /* Views */ = {
			isa = PBXGroup;
			children = (
				AD12E2802AF413A6000A9313 /* RegistrationView.swift */,
				AD12E2812AF413A6000A9313 /* LoginView.swift */,
			);
			path = Views;
			sourceTree = "<group>";
		};
		AD12E2822AF413A6000A9313 /* Services */ = {
			isa = PBXGroup;
			children = (
				AD12E2832AF413A6000A9313 /* AuthService.swift */,
			);
			path = Services;
			sourceTree = "<group>";
		};
		AD12E2842AF413A6000A9313 /* Notifications */ = {
			isa = PBXGroup;
			children = (
				AD12E2852AF413A6000A9313 /* ViewModels */,
				AD12E2872AF413A6000A9313 /* Models */,
				AD12E2892AF413A6000A9313 /* Views */,
			);
			path = Notifications;
			sourceTree = "<group>";
		};
		AD12E2852AF413A6000A9313 /* ViewModels */ = {
			isa = PBXGroup;
			children = (
				AD12E2862AF413A6000A9313 /* NotificationViewModel.swift */,
			);
			path = ViewModels;
			sourceTree = "<group>";
		};
		AD12E2872AF413A6000A9313 /* Models */ = {
			isa = PBXGroup;
			children = (
				AD12E2882AF413A6000A9313 /* Notification.swift */,
			);
			path = Models;
			sourceTree = "<group>";
		};
		AD12E2892AF413A6000A9313 /* Views */ = {
			isa = PBXGroup;
			children = (
				AD12E28A2AF413A6000A9313 /* NotificationTweetView.swift */,
				AD12E28B2AF413A6000A9313 /* NotificationCell.swift */,
				AD12E28C2AF413A6000A9313 /* NotificationsView.swift */,
			);
			path = Views;
			sourceTree = "<group>";
		};
		AD12E28D2AF413A6000A9313 /* TermsOfService */ = {
			isa = PBXGroup;
			children = (
				AD12E28E2AF413A6000A9313 /* TermsOfServiceView.swift */,
			);
			path = TermsOfService;
			sourceTree = "<group>";
		};
		AD12E28F2AF413A6000A9313 /* Extensions */ = {
			isa = PBXGroup;
			children = (
				AD12E2902AF413A7000A9313 /* View+BottomPaddingBecauseOfCustomTab.swift */,
				AD12E2912AF413A7000A9313 /* View+ForegroundLinearGradient.swift */,
			);
			path = Extensions;
			sourceTree = "<group>";
		};
		AD12E2922AF413A7000A9313 /* Protocols */ = {
			isa = PBXGroup;
			children = (
				AD12E2932AF413A7000A9313 /* FirebaseUserService_Protocol.swift */,
				AD12E2942AF413A7000A9313 /* FirebaseAuthServiceProtocol.swift */,
				AD12E2952AF413A7000A9313 /* CollectionViewModelProtocol.swift */,
			);
			path = Protocols;
			sourceTree = "<group>";
		};
		AD91B5202AF3FCCE00DF1446 = {
			isa = PBXGroup;
			children = (
				AD91B52B2AF3FCCF00DF1446 /* WaxPhilosophical */,
				AD91B52A2AF3FCCF00DF1446 /* Products */,
			);
			sourceTree = "<group>";
		};
		AD91B52A2AF3FCCF00DF1446 /* Products */ = {
			isa = PBXGroup;
			children = (
				AD91B5292AF3FCCF00DF1446 /* WaxPhilosophical.app */,
			);
			name = Products;
			sourceTree = "<group>";
		};
		AD91B52B2AF3FCCF00DF1446 /* WaxPhilosophical */ = {
			isa = PBXGroup;
			children = (
				AD12E2292AF413A6000A9313 /* Components */,
				AD12E28F2AF413A6000A9313 /* Extensions */,
				AD91B5322AF3FCD000DF1446 /* Preview Content */,
				AD12E2922AF413A7000A9313 /* Protocols */,
				AD91B5452AF401DD00DF1446 /* Source */,
				AD91B5462AF4020900DF1446 /* Utils */,
			);
			path = WaxPhilosophical;
			sourceTree = "<group>";
		};
		AD91B5322AF3FCD000DF1446 /* Preview Content */ = {
			isa = PBXGroup;
			children = (
				AD91B5332AF3FCD000DF1446 /* Preview Assets.xcassets */,
			);
			path = "Preview Content";
			sourceTree = "<group>";
		};
		AD91B5452AF401DD00DF1446 /* Source */ = {
			isa = PBXGroup;
			children = (
				AD91B5302AF3FCD000DF1446 /* Assets.xcassets */,
				AD91B52E2AF3FCCF00DF1446 /* ContentView.swift */,
				AD91B5432AF401C700DF1446 /* GoogleService-Info.plist */,
				AD91B52C2AF3FCCF00DF1446 /* WaxPhilosophicalApp.swift */,
			);
			path = Source;
			sourceTree = "<group>";
		};
		AD91B5462AF4020900DF1446 /* Utils */ = {
			isa = PBXGroup;
			children = (
				AD91B5492AF4020900DF1446 /* BlueLinearGradient.swift */,
				AD91B54C2AF4020900DF1446 /* ConcaveTabbarShape.swift */,
				AD91B5472AF4020900DF1446 /* Constants.swift */,
				AD91B54A2AF4020900DF1446 /* CustomSecureField.swift */,
				AD91B54B2AF4020900DF1446 /* CustomTextField.swift */,
				AD91B5482AF4020900DF1446 /* TextArea.swift */,
			);
			path = Utils;
			sourceTree = "<group>";
		};
/* End PBXGroup section */

/* Begin PBXNativeTarget section */
		AD91B5282AF3FCCF00DF1446 /* WaxPhilosophical */ = {
			isa = PBXNativeTarget;
			buildConfigurationList = AD91B5372AF3FCD000DF1446 /* Build configuration list for PBXNativeTarget "WaxPhilosophical" */;
			buildPhases = (
				AD91B5252AF3FCCF00DF1446 /* Sources */,
				AD91B5262AF3FCCF00DF1446 /* Frameworks */,
				AD91B5272AF3FCCF00DF1446 /* Resources */,
			);
			buildRules = (
			);
			dependencies = (
			);
			name = WaxPhilosophical;
			packageProductDependencies = (
				ADA13E662AF41806009CC39F /* FirebaseAuth */,
				ADA13E682AF41806009CC39F /* FirebaseFirestore */,
				ADA13E6A2AF41806009CC39F /* FirebaseFirestoreCombine-Community */,
				ADA13E6C2AF41806009CC39F /* FirebaseFirestoreSwift */,
				ADA13E6E2AF41806009CC39F /* FirebaseStorage */,
				ADA13E712AF41841009CC39F /* Kingfisher */,
				ADA13E732AF41841009CC39F /* KingfisherSwiftUI */,
			);
			productName = WaxPhilosophical;
			productReference = AD91B5292AF3FCCF00DF1446 /* WaxPhilosophical.app */;
			productType = "com.apple.product-type.application";
		};
/* End PBXNativeTarget section */

/* Begin PBXProject section */
		AD91B5212AF3FCCE00DF1446 /* Project object */ = {
			isa = PBXProject;
			attributes = {
				BuildIndependentTargetsInParallel = 1;
				LastSwiftUpdateCheck = 1430;
				LastUpgradeCheck = 1430;
				TargetAttributes = {
					AD91B5282AF3FCCF00DF1446 = {
						CreatedOnToolsVersion = 14.3.1;
					};
				};
			};
			buildConfigurationList = AD91B5242AF3FCCE00DF1446 /* Build configuration list for PBXProject "WaxPhilosophical" */;
			compatibilityVersion = "Xcode 14.0";
			developmentRegion = en;
			hasScannedForEncodings = 0;
			knownRegions = (
				en,
				Base,
			);
			mainGroup = AD91B5202AF3FCCE00DF1446;
			packageReferences = (
				ADA13E652AF41806009CC39F /* XCRemoteSwiftPackageReference "firebase-ios-sdk" */,
				ADA13E702AF41841009CC39F /* XCRemoteSwiftPackageReference "Kingfisher" */,
			);
			productRefGroup = AD91B52A2AF3FCCF00DF1446 /* Products */;
			projectDirPath = "";
			projectRoot = "";
			targets = (
				AD91B5282AF3FCCF00DF1446 /* WaxPhilosophical */,
			);
		};
/* End PBXProject section */

/* Begin PBXResourcesBuildPhase section */
		AD91B5272AF3FCCF00DF1446 /* Resources */ = {
			isa = PBXResourcesBuildPhase;
			buildActionMask = 2147483647;
			files = (
				AD91B5342AF3FCD000DF1446 /* Preview Assets.xcassets in Resources */,
				AD91B5312AF3FCD000DF1446 /* Assets.xcassets in Resources */,
				AD91B5442AF401C700DF1446 /* GoogleService-Info.plist in Resources */,
			);
			runOnlyForDeploymentPostprocessing = 0;
		};
/* End PBXResourcesBuildPhase section */

/* Begin PBXSourcesBuildPhase section */
		AD91B5252AF3FCCF00DF1446 /* Sources */ = {
			isa = PBXSourcesBuildPhase;
			buildActionMask = 2147483647;
			files = (
				AD12E29D2AF413A7000A9313 /* MessagesView.swift in Sources */,
				AD12E2CD2AF413A7000A9313 /* NotificationTweetView.swift in Sources */,
				AD12E2A32AF413A7000A9313 /* Block.swift in Sources */,
				AD12E2B92AF413A7000A9313 /* OtherUserProfileView.swift in Sources */,
				AD12E2A42AF413A7000A9313 /* BlockView.swift in Sources */,
				AD12E2C02AF413A7000A9313 /* ProfileHeaderView.swift in Sources */,
				AD12E2A82AF413A7000A9313 /* WPQuote.swift in Sources */,
				AD12E2BE2AF413A7000A9313 /* FullnameView.swift in Sources */,
				AD12E2BD2AF413A7000A9313 /* CurrentUser_ProfileView.swift in Sources */,
				AD12E2B22AF413A7000A9313 /* SearchViewModel.swift in Sources */,
				AD12E2C72AF413A7000A9313 /* TabbarService.swift in Sources */,
				AD12E2C62AF413A7000A9313 /* TabsView.swift in Sources */,
				AD91B5512AF4020900DF1446 /* CustomTextField.swift in Sources */,
				AD12E2B72AF413A7000A9313 /* ProfileViewModel.swift in Sources */,
				AD12E2AC2AF413A7000A9313 /* ReplyCell.swift in Sources */,
				AD12E2AF2AF413A7000A9313 /* UserService.swift in Sources */,
				AD12E2C82AF413A7000A9313 /* RegistrationView.swift in Sources */,
				AD12E29B2AF413A7000A9313 /* MessageInputView.swift in Sources */,
				AD12E2972AF413A7000A9313 /* ConversationsViewModel.swift in Sources */,
				AD12E2C92AF413A7000A9313 /* LoginView.swift in Sources */,
				AD12E2B82AF413A7000A9313 /* OtherUserProfileViewModel.swift in Sources */,
				AD12E2A22AF413A7000A9313 /* Block_CollectionViewModel.swift in Sources */,
				AD12E2D12AF413A7000A9313 /* View+BottomPaddingBecauseOfCustomTab.swift in Sources */,
				AD91B52F2AF3FCCF00DF1446 /* ContentView.swift in Sources */,
				AD12E2AE2AF413A7000A9313 /* WPActionsView.swift in Sources */,
				AD91B52D2AF3FCCF00DF1446 /* WaxPhilosophicalApp.swift in Sources */,
				AD12E2982AF413A7000A9313 /* ChatBubble.swift in Sources */,
				AD91B54D2AF4020900DF1446 /* Constants.swift in Sources */,
				AD12E2A52AF413A7000A9313 /* WPActionViewModel.swift in Sources */,
				AD91B54E2AF4020900DF1446 /* TextArea.swift in Sources */,
				AD91B5502AF4020900DF1446 /* CustomSecureField.swift in Sources */,
				AD12E29C2AF413A7000A9313 /* NewMessageView.swift in Sources */,
				AD12E2B32AF413A7000A9313 /* SearchView.swift in Sources */,
				AD12E2AB2AF413A7000A9313 /* AddWPQuoteView.swift in Sources */,
				AD12E2CA2AF413A7000A9313 /* AuthService.swift in Sources */,
				AD12E29A2AF413A7000A9313 /* ConversationCell.swift in Sources */,
				AD12E2D42AF413A7000A9313 /* FirebaseAuthServiceProtocol.swift in Sources */,
				AD12E2B52AF413A7000A9313 /* SearchedUserCell.swift in Sources */,
				AD12E2B02AF413A7000A9313 /* AppUser.swift in Sources */,
				AD12E29F2AF413A7000A9313 /* MessageView.swift in Sources */,
				AD12E2A92AF413A7000A9313 /* WPQuoteCollectionView.swift in Sources */,
				AD12E2CC2AF413A7000A9313 /* Notification.swift in Sources */,
				AD12E2B42AF413A7000A9313 /* SearchBar.swift in Sources */,
				AD12E2BB2AF413A7000A9313 /* CurrentUserProfileView.swift in Sources */,
				AD12E2C32AF413A7000A9313 /* SideMenuOptionView.swift in Sources */,
				AD12E2CE2AF413A7000A9313 /* NotificationCell.swift in Sources */,
				AD12E2AD2AF413A7000A9313 /* WPQuoteDetailView.swift in Sources */,
				AD12E2BC2AF413A7000A9313 /* ProfilePicView.swift in Sources */,
				AD12E2C22AF413A7000A9313 /* SideMenuViewModel.swift in Sources */,
				AD12E2CF2AF413A7000A9313 /* NotificationsView.swift in Sources */,
				AD12E2D22AF413A7000A9313 /* View+ForegroundLinearGradient.swift in Sources */,
				AD12E2B62AF413A7000A9313 /* EditProfileViewModel.swift in Sources */,
				AD12E2CB2AF413A7000A9313 /* NotificationViewModel.swift in Sources */,
				AD12E2C42AF413A7000A9313 /* MenuView.swift in Sources */,
				AD12E2BA2AF413A7000A9313 /* CurrentUserProfileViewModel.swift in Sources */,
				AD12E2D02AF413A7000A9313 /* TermsOfServiceView.swift in Sources */,
				AD12E29E2AF413A7000A9313 /* ChatView.swift in Sources */,
				AD91B54F2AF4020900DF1446 /* BlueLinearGradient.swift in Sources */,
				AD12E2BF2AF413A7000A9313 /* EditProfileView.swift in Sources */,
				AD12E2C12AF413A7000A9313 /* ProfileActionButtonView.swift in Sources */,
				AD12E2D32AF413A7000A9313 /* FirebaseUserService_Protocol.swift in Sources */,
				AD12E2992AF413A7000A9313 /* Message.swift in Sources */,
				AD12E2C52AF413A7000A9313 /* SideMenuAction.swift in Sources */,
				AD12E2AA2AF413A7000A9313 /* WPQuoteCell.swift in Sources */,
				AD12E2962AF413A7000A9313 /* ChatViewModel.swift in Sources */,
				AD12E2A12AF413A7000A9313 /* ImagePicker.swift in Sources */,
				AD12E2D52AF413A7000A9313 /* CollectionViewModelProtocol.swift in Sources */,
				AD12E2A62AF413A7000A9313 /* WPQuote_CollectionViewModel.swift in Sources */,
				AD12E2B12AF413A7000A9313 /* UserStats.swift in Sources */,
				AD12E2A02AF413A7000A9313 /* UploadImageService.swift in Sources */,
				AD91B5522AF4020900DF1446 /* ConcaveTabbarShape.swift in Sources */,
				AD12E2A72AF413A7000A9313 /* UploadWPQuoteViewModel.swift in Sources */,
			);
			runOnlyForDeploymentPostprocessing = 0;
		};
/* End PBXSourcesBuildPhase section */

/* Begin XCBuildConfiguration section */
		AD91B5352AF3FCD000DF1446 /* Debug */ = {
			isa = XCBuildConfiguration;
			buildSettings = {
				ALWAYS_SEARCH_USER_PATHS = NO;
				CLANG_ANALYZER_NONNULL = YES;
				CLANG_ANALYZER_NUMBER_OBJECT_CONVERSION = YES_AGGRESSIVE;
				CLANG_CXX_LANGUAGE_STANDARD = "gnu++20";
				CLANG_ENABLE_MODULES = YES;
				CLANG_ENABLE_OBJC_ARC = YES;
				CLANG_ENABLE_OBJC_WEAK = YES;
				CLANG_WARN_BLOCK_CAPTURE_AUTORELEASING = YES;
				CLANG_WARN_BOOL_CONVERSION = YES;
				CLANG_WARN_COMMA = YES;
				CLANG_WARN_CONSTANT_CONVERSION = YES;
				CLANG_WARN_DEPRECATED_OBJC_IMPLEMENTATIONS = YES;
				CLANG_WARN_DIRECT_OBJC_ISA_USAGE = YES_ERROR;
				CLANG_WARN_DOCUMENTATION_COMMENTS = YES;
				CLANG_WARN_EMPTY_BODY = YES;
				CLANG_WARN_ENUM_CONVERSION = YES;
				CLANG_WARN_INFINITE_RECURSION = YES;
				CLANG_WARN_INT_CONVERSION = YES;
				CLANG_WARN_NON_LITERAL_NULL_CONVERSION = YES;
				CLANG_WARN_OBJC_IMPLICIT_RETAIN_SELF = YES;
				CLANG_WARN_OBJC_LITERAL_CONVERSION = YES;
				CLANG_WARN_OBJC_ROOT_CLASS = YES_ERROR;
				CLANG_WARN_QUOTED_INCLUDE_IN_FRAMEWORK_HEADER = YES;
				CLANG_WARN_RANGE_LOOP_ANALYSIS = YES;
				CLANG_WARN_STRICT_PROTOTYPES = YES;
				CLANG_WARN_SUSPICIOUS_MOVE = YES;
				CLANG_WARN_UNGUARDED_AVAILABILITY = YES_AGGRESSIVE;
				CLANG_WARN_UNREACHABLE_CODE = YES;
				CLANG_WARN__DUPLICATE_METHOD_MATCH = YES;
				COPY_PHASE_STRIP = NO;
				DEBUG_INFORMATION_FORMAT = dwarf;
				ENABLE_STRICT_OBJC_MSGSEND = YES;
				ENABLE_TESTABILITY = YES;
				GCC_C_LANGUAGE_STANDARD = gnu11;
				GCC_DYNAMIC_NO_PIC = NO;
				GCC_NO_COMMON_BLOCKS = YES;
				GCC_OPTIMIZATION_LEVEL = 0;
				GCC_PREPROCESSOR_DEFINITIONS = (
					"DEBUG=1",
					"$(inherited)",
				);
				GCC_WARN_64_TO_32_BIT_CONVERSION = YES;
				GCC_WARN_ABOUT_RETURN_TYPE = YES_ERROR;
				GCC_WARN_UNDECLARED_SELECTOR = YES;
				GCC_WARN_UNINITIALIZED_AUTOS = YES_AGGRESSIVE;
				GCC_WARN_UNUSED_FUNCTION = YES;
				GCC_WARN_UNUSED_VARIABLE = YES;
				IPHONEOS_DEPLOYMENT_TARGET = 16.0;
				MTL_ENABLE_DEBUG_INFO = INCLUDE_SOURCE;
				MTL_FAST_MATH = YES;
				ONLY_ACTIVE_ARCH = YES;
				SDKROOT = iphoneos;
				SWIFT_ACTIVE_COMPILATION_CONDITIONS = DEBUG;
				SWIFT_OPTIMIZATION_LEVEL = "-Onone";
			};
			name = Debug;
		};
		AD91B5362AF3FCD000DF1446 /* Release */ = {
			isa = XCBuildConfiguration;
			buildSettings = {
				ALWAYS_SEARCH_USER_PATHS = NO;
				CLANG_ANALYZER_NONNULL = YES;
				CLANG_ANALYZER_NUMBER_OBJECT_CONVERSION = YES_AGGRESSIVE;
				CLANG_CXX_LANGUAGE_STANDARD = "gnu++20";
				CLANG_ENABLE_MODULES = YES;
				CLANG_ENABLE_OBJC_ARC = YES;
				CLANG_ENABLE_OBJC_WEAK = YES;
				CLANG_WARN_BLOCK_CAPTURE_AUTORELEASING = YES;
				CLANG_WARN_BOOL_CONVERSION = YES;
				CLANG_WARN_COMMA = YES;
				CLANG_WARN_CONSTANT_CONVERSION = YES;
				CLANG_WARN_DEPRECATED_OBJC_IMPLEMENTATIONS = YES;
				CLANG_WARN_DIRECT_OBJC_ISA_USAGE = YES_ERROR;
				CLANG_WARN_DOCUMENTATION_COMMENTS = YES;
				CLANG_WARN_EMPTY_BODY = YES;
				CLANG_WARN_ENUM_CONVERSION = YES;
				CLANG_WARN_INFINITE_RECURSION = YES;
				CLANG_WARN_INT_CONVERSION = YES;
				CLANG_WARN_NON_LITERAL_NULL_CONVERSION = YES;
				CLANG_WARN_OBJC_IMPLICIT_RETAIN_SELF = YES;
				CLANG_WARN_OBJC_LITERAL_CONVERSION = YES;
				CLANG_WARN_OBJC_ROOT_CLASS = YES_ERROR;
				CLANG_WARN_QUOTED_INCLUDE_IN_FRAMEWORK_HEADER = YES;
				CLANG_WARN_RANGE_LOOP_ANALYSIS = YES;
				CLANG_WARN_STRICT_PROTOTYPES = YES;
				CLANG_WARN_SUSPICIOUS_MOVE = YES;
				CLANG_WARN_UNGUARDED_AVAILABILITY = YES_AGGRESSIVE;
				CLANG_WARN_UNREACHABLE_CODE = YES;
				CLANG_WARN__DUPLICATE_METHOD_MATCH = YES;
				COPY_PHASE_STRIP = NO;
				DEBUG_INFORMATION_FORMAT = "dwarf-with-dsym";
				ENABLE_NS_ASSERTIONS = NO;
				ENABLE_STRICT_OBJC_MSGSEND = YES;
				GCC_C_LANGUAGE_STANDARD = gnu11;
				GCC_NO_COMMON_BLOCKS = YES;
				GCC_WARN_64_TO_32_BIT_CONVERSION = YES;
				GCC_WARN_ABOUT_RETURN_TYPE = YES_ERROR;
				GCC_WARN_UNDECLARED_SELECTOR = YES;
				GCC_WARN_UNINITIALIZED_AUTOS = YES_AGGRESSIVE;
				GCC_WARN_UNUSED_FUNCTION = YES;
				GCC_WARN_UNUSED_VARIABLE = YES;
				IPHONEOS_DEPLOYMENT_TARGET = 16.0;
				MTL_ENABLE_DEBUG_INFO = NO;
				MTL_FAST_MATH = YES;
				SDKROOT = iphoneos;
				SWIFT_COMPILATION_MODE = wholemodule;
				SWIFT_OPTIMIZATION_LEVEL = "-O";
				VALIDATE_PRODUCT = YES;
			};
			name = Release;
		};
		AD91B5382AF3FCD000DF1446 /* Debug */ = {
			isa = XCBuildConfiguration;
			buildSettings = {
				ASSETCATALOG_COMPILER_APPICON_NAME = AppIcon;
				ASSETCATALOG_COMPILER_GLOBAL_ACCENT_COLOR_NAME = AccentColor;
				CODE_SIGN_STYLE = Automatic;
				CURRENT_PROJECT_VERSION = 1;
				DEVELOPMENT_ASSET_PATHS = "\"WaxPhilosophical/Preview Content\"";
				DEVELOPMENT_TEAM = 56XJ9U4YYK;
				ENABLE_PREVIEWS = YES;
				GENERATE_INFOPLIST_FILE = YES;
				INFOPLIST_KEY_UIApplicationSceneManifest_Generation = YES;
				INFOPLIST_KEY_UIApplicationSupportsIndirectInputEvents = YES;
				INFOPLIST_KEY_UILaunchScreen_Generation = YES;
				INFOPLIST_KEY_UISupportedInterfaceOrientations_iPad = "UIInterfaceOrientationPortrait UIInterfaceOrientationPortraitUpsideDown UIInterfaceOrientationLandscapeLeft UIInterfaceOrientationLandscapeRight";
				INFOPLIST_KEY_UISupportedInterfaceOrientations_iPhone = "UIInterfaceOrientationPortrait UIInterfaceOrientationLandscapeLeft UIInterfaceOrientationLandscapeRight";
				LD_RUNPATH_SEARCH_PATHS = (
					"$(inherited)",
					"@executable_path/Frameworks",
				);
				MARKETING_VERSION = 1.0;
				PRODUCT_BUNDLE_IDENTIFIER = com.chhamilton00.WaxPhilosophical;
				PRODUCT_NAME = "$(TARGET_NAME)";
				SUPPORTED_PLATFORMS = "iphoneos iphonesimulator";
				SUPPORTS_MACCATALYST = NO;
				SUPPORTS_MAC_DESIGNED_FOR_IPHONE_IPAD = NO;
				SWIFT_EMIT_LOC_STRINGS = YES;
				SWIFT_VERSION = 5.0;
				TARGETED_DEVICE_FAMILY = 1;
			};
			name = Debug;
		};
		AD91B5392AF3FCD000DF1446 /* Release */ = {
			isa = XCBuildConfiguration;
			buildSettings = {
				ASSETCATALOG_COMPILER_APPICON_NAME = AppIcon;
				ASSETCATALOG_COMPILER_GLOBAL_ACCENT_COLOR_NAME = AccentColor;
				CODE_SIGN_STYLE = Automatic;
				CURRENT_PROJECT_VERSION = 1;
				DEVELOPMENT_ASSET_PATHS = "\"WaxPhilosophical/Preview Content\"";
				DEVELOPMENT_TEAM = 56XJ9U4YYK;
				ENABLE_PREVIEWS = YES;
				GENERATE_INFOPLIST_FILE = YES;
				INFOPLIST_KEY_UIApplicationSceneManifest_Generation = YES;
				INFOPLIST_KEY_UIApplicationSupportsIndirectInputEvents = YES;
				INFOPLIST_KEY_UILaunchScreen_Generation = YES;
				INFOPLIST_KEY_UISupportedInterfaceOrientations_iPad = "UIInterfaceOrientationPortrait UIInterfaceOrientationPortraitUpsideDown UIInterfaceOrientationLandscapeLeft UIInterfaceOrientationLandscapeRight";
				INFOPLIST_KEY_UISupportedInterfaceOrientations_iPhone = "UIInterfaceOrientationPortrait UIInterfaceOrientationLandscapeLeft UIInterfaceOrientationLandscapeRight";
				LD_RUNPATH_SEARCH_PATHS = (
					"$(inherited)",
					"@executable_path/Frameworks",
				);
				MARKETING_VERSION = 1.0;
				PRODUCT_BUNDLE_IDENTIFIER = com.chhamilton00.WaxPhilosophical;
				PRODUCT_NAME = "$(TARGET_NAME)";
				SUPPORTED_PLATFORMS = "iphoneos iphonesimulator";
				SUPPORTS_MACCATALYST = NO;
				SUPPORTS_MAC_DESIGNED_FOR_IPHONE_IPAD = NO;
				SWIFT_EMIT_LOC_STRINGS = YES;
				SWIFT_VERSION = 5.0;
				TARGETED_DEVICE_FAMILY = 1;
			};
			name = Release;
		};
/* End XCBuildConfiguration section */

/* Begin XCConfigurationList section */
		AD91B5242AF3FCCE00DF1446 /* Build configuration list for PBXProject "WaxPhilosophical" */ = {
			isa = XCConfigurationList;
			buildConfigurations = (
				AD91B5352AF3FCD000DF1446 /* Debug */,
				AD91B5362AF3FCD000DF1446 /* Release */,
			);
			defaultConfigurationIsVisible = 0;
			defaultConfigurationName = Release;
		};
		AD91B5372AF3FCD000DF1446 /* Build configuration list for PBXNativeTarget "WaxPhilosophical" */ = {
			isa = XCConfigurationList;
			buildConfigurations = (
				AD91B5382AF3FCD000DF1446 /* Debug */,
				AD91B5392AF3FCD000DF1446 /* Release */,
			);
			defaultConfigurationIsVisible = 0;
			defaultConfigurationName = Release;
		};
/* End XCConfigurationList section */

/* Begin XCRemoteSwiftPackageReference section */
		ADA13E652AF41806009CC39F /* XCRemoteSwiftPackageReference "firebase-ios-sdk" */ = {
			isa = XCRemoteSwiftPackageReference;
			repositoryURL = "https://github.com/firebase/firebase-ios-sdk.git";
			requirement = {
				kind = upToNextMajorVersion;
				minimumVersion = 10.0.0;
			};
		};
		ADA13E702AF41841009CC39F /* XCRemoteSwiftPackageReference "Kingfisher" */ = {
			isa = XCRemoteSwiftPackageReference;
			repositoryURL = "https://github.com/onevcat/Kingfisher.git";
			requirement = {
				kind = exactVersion;
				version = 5.15.8;
			};
		};
/* End XCRemoteSwiftPackageReference section */

/* Begin XCSwiftPackageProductDependency section */
		ADA13E662AF41806009CC39F /* FirebaseAuth */ = {
			isa = XCSwiftPackageProductDependency;
			package = ADA13E652AF41806009CC39F /* XCRemoteSwiftPackageReference "firebase-ios-sdk" */;
			productName = FirebaseAuth;
		};
		ADA13E682AF41806009CC39F /* FirebaseFirestore */ = {
			isa = XCSwiftPackageProductDependency;
			package = ADA13E652AF41806009CC39F /* XCRemoteSwiftPackageReference "firebase-ios-sdk" */;
			productName = FirebaseFirestore;
		};
		ADA13E6A2AF41806009CC39F /* FirebaseFirestoreCombine-Community */ = {
			isa = XCSwiftPackageProductDependency;
			package = ADA13E652AF41806009CC39F /* XCRemoteSwiftPackageReference "firebase-ios-sdk" */;
			productName = "FirebaseFirestoreCombine-Community";
		};
		ADA13E6C2AF41806009CC39F /* FirebaseFirestoreSwift */ = {
			isa = XCSwiftPackageProductDependency;
			package = ADA13E652AF41806009CC39F /* XCRemoteSwiftPackageReference "firebase-ios-sdk" */;
			productName = FirebaseFirestoreSwift;
		};
		ADA13E6E2AF41806009CC39F /* FirebaseStorage */ = {
			isa = XCSwiftPackageProductDependency;
			package = ADA13E652AF41806009CC39F /* XCRemoteSwiftPackageReference "firebase-ios-sdk" */;
			productName = FirebaseStorage;
		};
		ADA13E712AF41841009CC39F /* Kingfisher */ = {
			isa = XCSwiftPackageProductDependency;
			package = ADA13E702AF41841009CC39F /* XCRemoteSwiftPackageReference "Kingfisher" */;
			productName = Kingfisher;
		};
		ADA13E732AF41841009CC39F /* KingfisherSwiftUI */ = {
			isa = XCSwiftPackageProductDependency;
			package = ADA13E702AF41841009CC39F /* XCRemoteSwiftPackageReference "Kingfisher" */;
			productName = KingfisherSwiftUI;
		};
/* End XCSwiftPackageProductDependency section */
	};
	rootObject = AD91B5212AF3FCCE00DF1446 /* Project object */;
}
